
Microsoft Visual Studio Solution File, Format Version 12.00
# Visual Studio Version 17
VisualStudioVersion = 17.4.33213.308
MinimumVisualStudioVersion = 10.0.40219.1
Project("{9A19103F-16F7-4668-BE54-9A1E7A4F7556}") = "AddressBookConsole", "Projects\AddressBookConsole\AddressBookConsole.csproj", "{11A66321-BF91-48FD-AF9B-CDBFB9B5E14F}"
EndProject
Project("{9A19103F-16F7-4668-BE54-9A1E7A4F7556}") = "TestProject", "Projects\TestProject\TestProject.csproj", "{23F8EF74-0688-4512-AA7D-0BA68E99ECA1}"
EndProject
Project("{9A19103F-16F7-4668-BE54-9A1E7A4F7556}") = "AddressBook", "Projects\AddressBook\AddressBook.csproj", "{42A1EE9A-B375-40D3-97D7-9915D7B52278}"
EndProject
Global
	GlobalSection(SolutionConfigurationPlatforms) = preSolution
		Debug|Any CPU = Debug|Any CPU
		Release|Any CPU = Release|Any CPU
	EndGlobalSection
	GlobalSection(ProjectConfigurationPlatforms) = postSolution
		{11A66321-BF91-48FD-AF9B-CDBFB9B5E14F}.Debug|Any CPU.ActiveCfg = Debug|Any CPU
		{11A66321-BF91-48FD-AF9B-CDBFB9B5E14F}.Debug|Any CPU.Build.0 = Debug|Any CPU
		{11A66321-BF91-48FD-AF9B-CDBFB9B5E14F}.Release|Any CPU.ActiveCfg = Release|Any CPU
		{11A66321-BF91-48FD-AF9B-CDBFB9B5E14F}.Release|Any CPU.Build.0 = Release|Any CPU
		{23F8EF74-0688-4512-AA7D-0BA68E99ECA1}.Debug|Any CPU.ActiveCfg = Debug|Any CPU
		{23F8EF74-0688-4512-AA7D-0BA68E99ECA1}.Debug|Any CPU.Build.0 = Debug|Any CPU
		{23F8EF74-0688-4512-AA7D-0BA68E99ECA1}.Release|Any CPU.ActiveCfg = Release|Any CPU
		{23F8EF74-0688-4512-AA7D-0BA68E99ECA1}.Release|Any CPU.Build.0 = Release|Any CPU
		{42A1EE9A-B375-40D3-97D7-9915D7B52278}.Debug|Any CPU.ActiveCfg = Debug|Any CPU
		{42A1EE9A-B375-40D3-97D7-9915D7B52278}.Debug|Any CPU.Build.0 = Debug|Any CPU
		{42A1EE9A-B375-40D3-97D7-9915D7B52278}.Release|Any CPU.ActiveCfg = Release|Any CPU
		{42A1EE9A-B375-40D3-97D7-9915D7B52278}.Release|Any CPU.Build.0 = Release|Any CPU
	EndGlobalSection
	GlobalSection(SolutionProperties) = preSolution
		HideSolutionNode = FALSE
	EndGlobalSection
	GlobalSection(ExtensibilityGlobals) = postSolution
		SolutionGuid = {04A6D7D6-BF16-47D8-B8F8-D272DB91816A}
	EndGlobalSection
EndGlobal
